# auto-generated by grc.converter

id: grnet_udp_source
label: UDP Source (grnet)
category: '[GrNet Networking Tools]'

parameters:
-   id: type
    label: Input Type
    dtype: enum
    options: [complex, float, int, short, byte]
    option_attributes:
        size: [gr.sizeof_gr_complex, gr.sizeof_float, gr.sizeof_int, gr.sizeof_short,
            gr.sizeof_char]
    hide: part
-   id: port
    label: Port
    dtype: int
    default: '2000'
-   id: header
    label: Header
    dtype: enum
    options: ['0', '1', '2', '4', '5']
    option_labels: [None, 64-bit Sequence Number, Sequence + 16-bit data size, 'CHDR
            (64-bit, no timestamp)', Old ATA Header]
-   id: payloadsize
    label: UDP Packet Data Size
    dtype: int
    default: '1472'
    hide: part
-   id: notifyMissed
    label: Notify Missed Frames
    dtype: enum
    options: ['False', 'True']
    option_labels: ['No', 'Yes']
-   id: srcZeros
    label: Src 0s If No Data
    dtype: enum
    options: ['False', 'True']
    option_labels: ['No', 'Yes']
-   id: ipv6
    label: Enable IPv6 Support
    dtype: enum
    options: ['False', 'True']
    option_labels: ['No', 'Yes']
    hide: part

outputs:
-   domain: stream
    dtype: ${ type }

templates:
    imports: import grnet
    make: grnet.udp_source(${type.size}, 1, ${port},${header},${payloadsize},${notifyMissed},${srcZeros},${ipv6})

documentation: "This block listens for traffic on the specified UDP port and outputs\
    \ the specified data type.  Note that the header setting and payload size should\
    \ match on both the sender and receiver.  For a normal network, a payload size\
    \ of 1472 (1500-28 for UDP headers) represents the max size for a standard UDP\
    \ packet.  For a Jumbo frames 8972 can be used (9000-28).  Be careful adjusting\
    \ this parameter as you could inadvertently cause unnecessary packet fragmentation\
    \ and reconstruction.\n\t\n\tIf you need the block to generate 0s when theres\
    \ no UDP data, you can turn on the 'Src 0s If No Data' flag, however this is best\
    \ paired with the grnet UDP sink block.  If using a separate application, problems\
    \ can arise if the sending application is not calling its send function with blocks\
    \ matching payload size (the logic here can get a 'partial' packet after starting\
    \ and not continue to produce zeros)."

file_format: 1
