# auto-generated by grc.converter

id: grnet_IShortToSC16
label: Interleaved Short to Complex Int16
category: '[GrNet Networking Tools]/Type Converters'

inputs:
-   domain: stream
    dtype: short

outputs:
-   domain: stream
    dtype: sc16

templates:
    imports: import grnet
    make: grnet.IShortToSC16()

documentation: |-
    This block converts interleaved short to complex int16 such as that out of a USRP source in 'complex int16' mode.

file_format: 1
