# auto-generated by grc.converter

id: grnet_SC16ToComplex
label: Interleaved Short to Complex
category: '[GrNet Networking Tools]/Type Converters'

inputs:
-   domain: stream
    dtype: short

outputs:
-   domain: stream
    dtype: complex

templates:
    imports: import grnet
    make: grnet.SC16ToComplex()

documentation: "This block incorporates an SHRT_MAX scaling factor into the conversion\
    \ similar to csdr type conversions.\n  \n  For comparison:\n  IChar to Complex\
    \ uses a out = (float)in\n  This block converts using out = (float)in / (float)SHRT_MAX"

file_format: 1
