# auto-generated by grc.converter

id: grnet_Int16BytesToComplex
label: Interleaved Short Bytes To Complex
category: '[GrNet Networking Tools]/Type Converters'

inputs:
-   domain: stream
    dtype: byte

outputs:
-   domain: stream
    dtype: complex

templates:
    imports: import grnet
    make: grnet.Int16BytesToComplex()

documentation: |-
    This block takes bytes in that represent interleaved short values as a byte stream (created with Complex to Interleaved Short Bytes) and converts it to float complex.

file_format: 1
