# auto-generated by grc.converter

id: grnet_ComplexToInt16Bytes
label: Complex To Interleaved Short Bytes
category: '[GrNet Networking Tools]/Type Converters'

inputs:
-   domain: stream
    dtype: complex

outputs:
-   domain: stream
    dtype: byte

templates:
    imports: import grnet
    make: grnet.ComplexToInt16Bytes()

documentation: "This block incorporates an SHRT_MAX scaling factor into the conversion\
    \ similar to csdr type conversions.\n  \n  For comparison:\n  Complex to IShort\
    \ uses a lrintf() function to convert fc32->S16\n  This block converts using out\
    \ = in * SHRT_MAX"

file_format: 1
