# auto-generated by grc.converter

id: grnet_pcap_udp_source
label: UDP PCAP Source (grnet)
category: '[GrNet Networking Tools]'

parameters:
-   id: type
    label: Input Type
    dtype: enum
    options: [complex, float, int, short, byte]
    option_attributes:
        size: [gr.sizeof_gr_complex, gr.sizeof_float, gr.sizeof_int, gr.sizeof_short,
            gr.sizeof_char]
    hide: part
-   id: file
    label: File
    dtype: file_open
-   id: port
    label: Traffic For UDP Port
    dtype: int
    default: '2000'
-   id: header
    label: Header
    dtype: enum
    options: ['0', '1', '2', '4', '5']
    option_labels: ['None', '64-bit Sequence Number', 'Sequence + 16-bit data size', 'CHDR
            (64-bit, no timestamp)', 'Old ATA Header']
-   id: payloadsize
    label: UDP Packet Data Size
    dtype: int
    default: '1472'
-   id: notifyMissed
    label: Notify Missed Frames
    dtype: enum
    options: ['False', 'True']
    option_labels: ['No', 'Yes']
-   id: repeatFile
    label: Repeat File
    dtype: enum
    options: ['True', 'False']
    option_labels: ['Yes', 'No']

outputs:
-   domain: stream
    dtype: ${ type }

templates:
    imports: import grnet
    make: grnet.PCAPUDPSource(${type.size},${port},${header},${payloadsize},${notifyMissed},${file},${repeatFile})

file_format: 1
