# auto-generated by grc.converter

id: grnet_SC16ToBytes
label: Short To Byte Stream
category: '[GrNet Networking Tools]/Type Converters'

inputs:
-   domain: stream
    dtype: short

outputs:
-   domain: stream
    dtype: byte

templates:
    imports: import grnet
    make: grnet.SC16ToBytes()

documentation: |-
    This block will convert incoming short to a byte stream, say for transmission or saving to a file.  This block pairs will with a USRP source set to output Complex Int16.

file_format: 1
