# auto-generated by grc.converter

id: grnet_Signed8ToComplex
label: Interleaved Signed8 To Complex
category: '[GrNet Networking Tools]/Type Converters'

inputs:
-   domain: stream
    dtype: byte

outputs:
-   domain: stream
    dtype: complex

templates:
    imports: import grnet
    make: grnet.Signed8ToComplex()

documentation: |-
    This block converts signed8 interleaved samples to complex.  This conversion will be very similar to conversions done in hardware source blocks taking 8-bit samples from hardware and converting it to complex floats.

file_format: 1
