# auto-generated by grc.converter

id: grnet_tcp_source
label: TCP Source (grnet)
category: '[GrNet Networking Tools]'

parameters:
-   id: type
    label: Input Type
    dtype: enum
    options: [complex, float, int, short, byte]
    option_attributes:
        size: [gr.sizeof_gr_complex, gr.sizeof_float, gr.sizeof_int, gr.sizeof_short,
            gr.sizeof_char]
    hide: part
-   id: port
    label: Port
    dtype: int
    default: '0'
-   id: vlen
    label: Vec Length
    dtype: int
    default: '1'
    hide: ${ 'part' if vlen == 1 else 'none' }

outputs:
-   domain: stream
    dtype: ${ type }
    vlen: ${ vlen }
asserts:
- ${ vlen > 0 }

templates:
    imports: import grnet
    make: grnet.tcp_source(${type.size}, ${vlen}, ${port})

file_format: 1
