# auto-generated by grc.converter

id: grnet_tcp_sink
label: TCP Sink (grnet)
category: '[GrNet Networking Tools]'

parameters:
-   id: type
    label: Input Type
    dtype: enum
    options: [complex, float, int, short, byte]
    option_attributes:
        size: [gr.sizeof_gr_complex, gr.sizeof_float, gr.sizeof_int, gr.sizeof_short,
            gr.sizeof_char]
    hide: part
-   id: mode
    label: Mode
    dtype: enum
    options: ['1', '2']
    option_labels: [Client, Server]
    option_attributes:
        hide_specific: ['', all]
-   id: addr
    label: Address
    dtype: string
    default: 127.0.0.1
    hide: ${ mode.hide_specific }
-   id: port
    label: Port
    dtype: int
    default: '0'
-   id: vlen
    label: Vec Length
    dtype: int
    default: '1'
    hide: ${ 'part' if vlen == 1 else 'none' }

inputs:
-   domain: stream
    dtype: ${ type }
    vlen: ${ vlen }
asserts:
- ${ vlen > 0 }

templates:
    imports: import grnet
    make: grnet.tcp_sink(${type.size}, ${vlen}, ${addr}, ${port},${mode})

file_format: 1
